
Microsoft Visual Studio Solution File, Format Version 12.00
# Visual Studio Version 16
VisualStudioVersion = 16.0.30611.23
MinimumVisualStudioVersion = 10.0.40219.1
Project("{FAE04EC0-301F-11D3-BF4B-00C04F79EFBC}") = "CarGarage", "CarGarage\CarGarage.csproj", "{F53E4595-4142-458F-8F07-5F3C7E0BF0A7}"
EndProject
Global
	GlobalSection(SolutionConfigurationPlatforms) = preSolution
		Debug|Any CPU = Debug|Any CPU
		Release|Any CPU = Release|Any CPU
	EndGlobalSection
	GlobalSection(ProjectConfigurationPlatforms) = postSolution
		{F53E4595-4142-458F-8F07-5F3C7E0BF0A7}.Debug|Any CPU.ActiveCfg = Debug|Any CPU
		{F53E4595-4142-458F-8F07-5F3C7E0BF0A7}.Debug|Any CPU.Build.0 = Debug|Any CPU
		{F53E4595-4142-458F-8F07-5F3C7E0BF0A7}.Release|Any CPU.ActiveCfg = Release|Any CPU
		{F53E4595-4142-458F-8F07-5F3C7E0BF0A7}.Release|Any CPU.Build.0 = Release|Any CPU
	EndGlobalSection
	GlobalSection(SolutionProperties) = preSolution
		HideSolutionNode = FALSE
	EndGlobalSection
	GlobalSection(ExtensibilityGlobals) = postSolution
		SolutionGuid = {2BB839D4-8C2A-4DC0-BE00-0B2E235E03BA}
	EndGlobalSection
EndGlobal
