
Microsoft Visual Studio Solution File, Format Version 12.00
# Visual Studio Version 16
VisualStudioVersion = 16.0.30611.23
MinimumVisualStudioVersion = 10.0.40219.1
Project("{FAE04EC0-301F-11D3-BF4B-00C04F79EFBC}") = "MailWebDriver", "MailWebDriver\MailWebDriver.csproj", "{79488A06-FEC5-4AC3-A822-F7D92739BB59}"
EndProject
Global
	GlobalSection(SolutionConfigurationPlatforms) = preSolution
		Debug|Any CPU = Debug|Any CPU
		Release|Any CPU = Release|Any CPU
	EndGlobalSection
	GlobalSection(ProjectConfigurationPlatforms) = postSolution
		{79488A06-FEC5-4AC3-A822-F7D92739BB59}.Debug|Any CPU.ActiveCfg = Debug|Any CPU
		{79488A06-FEC5-4AC3-A822-F7D92739BB59}.Debug|Any CPU.Build.0 = Debug|Any CPU
		{79488A06-FEC5-4AC3-A822-F7D92739BB59}.Release|Any CPU.ActiveCfg = Release|Any CPU
		{79488A06-FEC5-4AC3-A822-F7D92739BB59}.Release|Any CPU.Build.0 = Release|Any CPU
	EndGlobalSection
	GlobalSection(SolutionProperties) = preSolution
		HideSolutionNode = FALSE
	EndGlobalSection
	GlobalSection(ExtensibilityGlobals) = postSolution
		SolutionGuid = {B8081C9C-483F-4DB7-B29A-6CAD78E8EB8C}
	EndGlobalSection
EndGlobal
